
Microsoft Visual Studio Solution File, Format Version 12.00
Project("{FAE04EC0-301F-11D3-BF4B-00C04F79EFBC}") = "CompileCsv", "CompileCsv\CompileCsv.csproj", "{4A81E2BD-9504-4C71-A43E-D833333AFC4D}"
EndProject
Project("{FAE04EC0-301F-11D3-BF4B-00C04F79EFBC}") = "Libs", "Libs\Libs.csproj", "{BCA80CC4-B5F3-47F5-941D-323FFFDCD041}"
EndProject
Project("{FAE04EC0-301F-11D3-BF4B-00C04F79EFBC}") = "LibsTest", "LibsTest\LibsTest.csproj", "{C72F90AC-D2E1-42FE-96B1-6CF0425F2A05}"
EndProject
Global
	GlobalSection(SolutionConfigurationPlatforms) = preSolution
		Debug|Any CPU = Debug|Any CPU
		Release|Any CPU = Release|Any CPU
	EndGlobalSection
	GlobalSection(ProjectConfigurationPlatforms) = postSolution
		{4A81E2BD-9504-4C71-A43E-D833333AFC4D}.Debug|Any CPU.ActiveCfg = Debug|Any CPU
		{4A81E2BD-9504-4C71-A43E-D833333AFC4D}.Debug|Any CPU.Build.0 = Debug|Any CPU
		{4A81E2BD-9504-4C71-A43E-D833333AFC4D}.Release|Any CPU.ActiveCfg = Release|Any CPU
		{4A81E2BD-9504-4C71-A43E-D833333AFC4D}.Release|Any CPU.Build.0 = Release|Any CPU
		{BCA80CC4-B5F3-47F5-941D-323FFFDCD041}.Debug|Any CPU.ActiveCfg = Debug|Any CPU
		{BCA80CC4-B5F3-47F5-941D-323FFFDCD041}.Debug|Any CPU.Build.0 = Debug|Any CPU
		{BCA80CC4-B5F3-47F5-941D-323FFFDCD041}.Release|Any CPU.ActiveCfg = Release|Any CPU
		{BCA80CC4-B5F3-47F5-941D-323FFFDCD041}.Release|Any CPU.Build.0 = Release|Any CPU
		{C72F90AC-D2E1-42FE-96B1-6CF0425F2A05}.Debug|Any CPU.ActiveCfg = Debug|Any CPU
		{C72F90AC-D2E1-42FE-96B1-6CF0425F2A05}.Debug|Any CPU.Build.0 = Debug|Any CPU
		{C72F90AC-D2E1-42FE-96B1-6CF0425F2A05}.Release|Any CPU.ActiveCfg = Release|Any CPU
		{C72F90AC-D2E1-42FE-96B1-6CF0425F2A05}.Release|Any CPU.Build.0 = Release|Any CPU
	EndGlobalSection
EndGlobal
